// !$*UTF8*$!
{
	archiveVersion = 1;
	classes = {
	};
	objectVersion = 46;
	objects = {

/* Begin PBXBuildFile section */
		60787F4D1A803E4500BD66BB /* AppDelegate.swift in Sources */ = {isa = PBXBuildFile; fileRef = 60787F4C1A803E4500BD66BB /* AppDelegate.swift */; };
		60787F4F1A803E4500BD66BB /* ViewController.swift in Sources */ = {isa = PBXBuildFile; fileRef = 60787F4E1A803E4500BD66BB /* ViewController.swift */; };
		60787F521A803E4500BD66BB /* Main.storyboard in Resources */ = {isa = PBXBuildFile; fileRef = 60787F501A803E4500BD66BB /* Main.storyboard */; };
		60787F541A803E4500BD66BB /* Images.xcassets in Resources */ = {isa = PBXBuildFile; fileRef = 60787F531A803E4500BD66BB /* Images.xcassets */; };
		60787F571A803E4500BD66BB /* LaunchScreen.xib in Resources */ = {isa = PBXBuildFile; fileRef = 60787F551A803E4500BD66BB /* LaunchScreen.xib */; };
		60787F631A803E4500BD66BB /* testGitTests.swift in Sources */ = {isa = PBXBuildFile; fileRef = 60787F621A803E4500BD66BB /* testGitTests.swift */; };
/* End PBXBuildFile section */

/* Begin PBXContainerItemProxy section */
		60787F5D1A803E4500BD66BB /* PBXContainerItemProxy */ = {
			isa = PBXContainerItemProxy;
			containerPortal = 60787F3F1A803E4500BD66BB /* Project object */;
			proxyType = 1;
			remoteGlobalIDString = 60787F461A803E4500BD66BB;
			remoteInfo = testGit;
		};
/* End PBXContainerItemProxy section */

/* Begin PBXFileReference section */
		60787F471A803E4500BD66BB /* testGit.app */ = {isa = PBXFileReference; explicitFileType = wrapper.application; includeInIndex = 0; path = testGit.app; sourceTree = BUILT_PRODUCTS_DIR; };
		60787F4B1A803E4500BD66BB /* Info.plist */ = {isa = PBXFileReference; lastKnownFileType = text.plist.xml; path = Info.plist; sourceTree = "<group>"; };
		60787F4C1A803E4500BD66BB /* AppDelegate.swift */ = {isa = PBXFileReference; lastKnownFileType = sourcecode.swift; path = AppDelegate.swift; sourceTree = "<group>"; };
		60787F4E1A803E4500BD66BB /* ViewController.swift */ = {isa = PBXFileReference; lastKnownFileType = sourcecode.swift; path = ViewController.swift; sourceTree = "<group>"; };
		60787F511A803E4500BD66BB /* Base */ = {isa = PBXFileReference; lastKnownFileType = file.storyboard; name = Base; path = Base.lproj/Main.storyboard; sourceTree = "<group>"; };
		60787F531A803E4500BD66BB /* Images.xcassets */ = {isa = PBXFileReference; lastKnownFileType = folder.assetcatalog; path = Images.xcassets; sourceTree = "<group>"; };
		60787F561A803E4500BD66BB /* Base */ = {isa = PBXFileReference; lastKnownFileType = file.xib; name = Base; path = Base.lproj/LaunchScreen.xib; sourceTree = "<group>"; };
		60787F5C1A803E4500BD66BB /* testGitTests.xctest */ = {isa = PBXFileReference; explicitFileType = wrapper.cfbundle; includeInIndex = 0; path = testGitTests.xctest; sourceTree = BUILT_PRODUCTS_DIR; };
		60787F611A803E4500BD66BB /* Info.plist */ = {isa = PBXFileReference; lastKnownFileType = text.plist.xml; path = Info.plist; sourceTree = "<group>"; };
		60787F621A803E4500BD66BB /* testGitTests.swift */ = {isa = PBXFileReference; lastKnownFileType = sourcecode.swift; path = testGitTests.swift; sourceTree = "<group>"; };
/* End PBXFileReference section */

/* Begin PBXFrameworksBuildPhase section */
		60787F441A803E4500BD66BB /* Frameworks */ = {
			isa = PBXFrameworksBuildPhase;
			buildActionMask = 2147483647;
			files = (
			);
			runOnlyForDeploymentPostprocessing = 0;
		};
		60787F591A803E4500BD66BB /* Frameworks */ = {
			isa = PBXFrameworksBuildPhase;
			buildActionMask = 2147483647;
			files = (
			);
			runOnlyForDeploymentPostprocessing = 0;
		};
/* End PBXFrameworksBuildPhase section */

/* Begin PBXGroup section */
		60787F3E1A803E4500BD66BB = {
			isa = PBXGroup;
			children = (
				60787F491A803E4500BD66BB /* testGit */,
				60787F5F1A803E4500BD66BB /* testGitTests */,
				60787F481A803E4500BD66BB /* Products */,
			);
			sourceTree = "<group>";
		};
		60787F481A803E4500BD66BB /* Products */ = {
			isa = PBXGroup;
			children = (
				60787F471A803E4500BD66BB /* testGit.app */,
				60787F5C1A803E4500BD66BB /* testGitTests.xctest */,
			);
			name = Products;
			sourceTree = "<group>";
		};
		60787F491A803E4500BD66BB /* testGit */ = {
			isa = PBXGroup;
			children = (
				60787F4C1A803E4500BD66BB /* AppDelegate.swift */,
				60787F4E1A803E4500BD66BB /* ViewController.swift */,
				60787F501A803E4500BD66BB /* Main.storyboard */,
				60787F531A803E4500BD66BB /* Images.xcassets */,
				60787F551A803E4500BD66BB /* LaunchScreen.xib */,
				60787F4A1A803E4500BD66BB /* Supporting Files */,
			);
			path = testGit;
			sourceTree = "<group>";
		};
		60787F4A1A803E4500BD66BB /* Supporting Files */ = {
			isa = PBXGroup;
			children = (
				60787F4B1A803E4500BD66BB /* Info.plist */,
			);
			name = "Supporting Files";
			sourceTree = "<group>";
		};
		60787F5F1A803E4500BD66BB /* testGitTests */ = {
			isa = PBXGroup;
			children = (
				60787F621A803E4500BD66BB /* testGitTests.swift */,
				60787F601A803E4500BD66BB /* Supporting Files */,
			);
			path = testGitTests;
			sourceTree = "<group>";
		};
		60787F601A803E4500BD66BB /* Supporting Files */ = {
			isa = PBXGroup;
			children = (
				60787F611A803E4500BD66BB /* Info.plist */,
			);
			name = "Supporting Files";
			sourceTree = "<group>";
		};
/* End PBXGroup section */

/* Begin PBXNativeTarget section */
		60787F461A803E4500BD66BB /* testGit */ = {
			isa = PBXNativeTarget;
			buildConfigurationList = 60787F661A803E4500BD66BB /* Build configuration list for PBXNativeTarget "testGit" */;
			buildPhases = (
				60787F431A803E4500BD66BB /* Sources */,
				60787F441A803E4500BD66BB /* Frameworks */,
				60787F451A803E4500BD66BB /* Resources */,
			);
			buildRules = (
			);
			dependencies = (
			);
			name = testGit;
			productName = testGit;
			productReference = 60787F471A803E4500BD66BB /* testGit.app */;
			productType = "com.apple.product-type.application";
		};
		60787F5B1A803E4500BD66BB /* testGitTests */ = {
			isa = PBXNativeTarget;
			buildConfigurationList = 60787F691A803E4500BD66BB /* Build configuration list for PBXNativeTarget "testGitTests" */;
			buildPhases = (
				60787F581A803E4500BD66BB /* Sources */,
				60787F591A803E4500BD66BB /* Frameworks */,
				60787F5A1A803E4500BD66BB /* Resources */,
			);
			buildRules = (
			);
			dependencies = (
				60787F5E1A803E4500BD66BB /* PBXTargetDependency */,
			);
			name = testGitTests;
			productName = testGitTests;
			productReference = 60787F5C1A803E4500BD66BB /* testGitTests.xctest */;
			productType = "com.apple.product-type.bundle.unit-test";
		};
/* End PBXNativeTarget section */

/* Begin PBXProject section */
		60787F3F1A803E4500BD66BB /* Project object */ = {
			isa = PBXProject;
			attributes = {
				LastUpgradeCheck = 0610;
				ORGANIZATIONNAME = "Gary K";
				TargetAttributes = {
					60787F461A803E4500BD66BB = {
						CreatedOnToolsVersion = 6.1.1;
					};
					60787F5B1A803E4500BD66BB = {
						CreatedOnToolsVersion = 6.1.1;
						TestTargetID = 60787F461A803E4500BD66BB;
					};
				};
			};
			buildConfigurationList = 60787F421A803E4500BD66BB /* Build configuration list for PBXProject "testGit" */;
			compatibilityVersion = "Xcode 3.2";
			developmentRegion = English;
			hasScannedForEncodings = 0;
			knownRegions = (
				en,
				Base,
			);
			mainGroup = 60787F3E1A803E4500BD66BB;
			productRefGroup = 60787F481A803E4500BD66BB /* Products */;
			projectDirPath = "";
			projectRoot = "";
			targets = (
				60787F461A803E4500BD66BB /* testGit */,
				60787F5B1A803E4500BD66BB /* testGitTests */,
			);
		};
/* End PBXProject section */

/* Begin PBXResourcesBuildPhase section */
		60787F451A803E4500BD66BB /* Resources */ = {
			isa = PBXResourcesBuildPhase;
			buildActionMask = 2147483647;
			files = (
				60787F521A803E4500BD66BB /* Main.storyboard in Resources */,
				60787F571A803E4500BD66BB /* LaunchScreen.xib in Resources */,
				60787F541A803E4500BD66BB /* Images.xcassets in Resources */,
			);
			runOnlyForDeploymentPostprocessing = 0;
		};
		60787F5A1A803E4500BD66BB /* Resources */ = {
			isa = PBXResourcesBuildPhase;
			buildActionMask = 2147483647;
			files = (
			);
			runOnlyForDeploymentPostprocessing = 0;
		};
/* End PBXResourcesBuildPhase section */

/* Begin PBXSourcesBuildPhase section */
		60787F431A803E4500BD66BB /* Sources */ = {
			isa = PBXSourcesBuildPhase;
			buildActionMask = 2147483647;
			files = (
				60787F4F1A803E4500BD66BB /* ViewController.swift in Sources */,
				60787F4D1A803E4500BD66BB /* AppDelegate.swift in Sources */,
			);
			runOnlyForDeploymentPostprocessing = 0;
		};
		60787F581A803E4500BD66BB /* Sources */ = {
			isa = PBXSourcesBuildPhase;
			buildActionMask = 2147483647;
			files = (
				60787F631A803E4500BD66BB /* testGitTests.swift in Sources */,
			);
			runOnlyForDeploymentPostprocessing = 0;
		};
/* End PBXSourcesBuildPhase section */

/* Begin PBXTargetDependency section */
		60787F5E1A803E4500BD66BB /* PBXTargetDependency */ = {
			isa = PBXTargetDependency;
			target = 60787F461A803E4500BD66BB /* testGit */;
			targetProxy = 60787F5D1A803E4500BD66BB /* PBXContainerItemProxy */;
		};
/* End PBXTargetDependency section */

/* Begin PBXVariantGroup section */
		60787F501A803E4500BD66BB /* Main.storyboard */ = {
			isa = PBXVariantGroup;
			children = (
				60787F511A803E4500BD66BB /* Base */,
			);
			name = Main.storyboard;
			sourceTree = "<group>";
		};
		60787F551A803E4500BD66BB /* LaunchScreen.xib */ = {
			isa = PBXVariantGroup;
			children = (
				60787F561A803E4500BD66BB /* Base */,
			);
			name = LaunchScreen.xib;
			sourceTree = "<group>";
		};
/* End PBXVariantGroup section */

/* Begin XCBuildConfiguration section */
		60787F641A803E4500BD66BB /* Debug */ = {
			isa = XCBuildConfiguration;
			buildSettings = {
				ALWAYS_SEARCH_USER_PATHS = NO;
				CLANG_CXX_LANGUAGE_STANDARD = "gnu++0x";
				CLANG_CXX_LIBRARY = "libc++";
				CLANG_ENABLE_MODULES = YES;
				CLANG_ENABLE_OBJC_ARC = YES;
				CLANG_WARN_BOOL_CONVERSION = YES;
				CLANG_WARN_CONSTANT_CONVERSION = YES;
				CLANG_WARN_DIRECT_OBJC_ISA_USAGE = YES_ERROR;
				CLANG_WARN_EMPTY_BODY = YES;
				CLANG_WARN_ENUM_CONVERSION = YES;
				CLANG_WARN_INT_CONVERSION = YES;
				CLANG_WARN_OBJC_ROOT_CLASS = YES_ERROR;
				CLANG_WARN_UNREACHABLE_CODE = YES;
				CLANG_WARN__DUPLICATE_METHOD_MATCH = YES;
				"CODE_SIGN_IDENTITY[sdk=iphoneos*]" = "iPhone Developer";
				COPY_PHASE_STRIP = NO;
				ENABLE_STRICT_OBJC_MSGSEND = YES;
				GCC_C_LANGUAGE_STANDARD = gnu99;
				GCC_DYNAMIC_NO_PIC = NO;
				GCC_OPTIMIZATION_LEVEL = 0;
				GCC_PREPROCESSOR_DEFINITIONS = (
					"DEBUG=1",
					"$(inherited)",
				);
				GCC_SYMBOLS_PRIVATE_EXTERN = NO;
				GCC_WARN_64_TO_32_BIT_CONVERSION = YES;
				GCC_WARN_ABOUT_RETURN_TYPE = YES_ERROR;
				GCC_WARN_UNDECLARED_SELECTOR = YES;
				GCC_WARN_UNINITIALIZED_AUTOS = YES_AGGRESSIVE;
				GCC_WARN_UNUSED_FUNCTION = YES;
				GCC_WARN_UNUSED_VARIABLE = YES;
				IPHONEOS_DEPLOYMENT_TARGET = 8.1;
				MTL_ENABLE_DEBUG_INFO = YES;
				ONLY_ACTIVE_ARCH = YES;
				SDKROOT = iphoneos;
				SWIFT_OPTIMIZATION_LEVEL = "-Onone";
			};
			name = Debug;
		};
		60787F651A803E4500BD66BB /* Release */ = {
			isa = XCBuildConfiguration;
			buildSettings = {
				ALWAYS_SEARCH_USER_PATHS = NO;
				CLANG_CXX_LANGUAGE_STANDARD = "gnu++0x";
				CLANG_CXX_LIBRARY = "libc++";
				CLANG_ENABLE_MODULES = YES;
				CLANG_ENABLE_OBJC_ARC = YES;
				CLANG_WARN_BOOL_CONVERSION = YES;
				CLANG_WARN_CONSTANT_CONVERSION = YES;
				CLANG_WARN_DIRECT_OBJC_ISA_USAGE = YES_ERROR;
				CLANG_WARN_EMPTY_BODY = YES;
				CLANG_WARN_ENUM_CONVERSION = YES;
				CLANG_WARN_INT_CONVERSION = YES;
				CLANG_WARN_OBJC_ROOT_CLASS = YES_ERROR;
				CLANG_WARN_UNREACHABLE_CODE = YES;
				CLANG_WARN__DUPLICATE_METHOD_MATCH = YES;
				"CODE_SIGN_IDENTITY[sdk=iphoneos*]" = "iPhone Developer";
				COPY_PHASE_STRIP = YES;
				ENABLE_NS_ASSERTIONS = NO;
				ENABLE_STRICT_OBJC_MSGSEND = YES;
				GCC_C_LANGUAGE_STANDARD = gnu99;
				GCC_WARN_64_TO_32_BIT_CONVERSION = YES;
				GCC_WARN_ABOUT_RETURN_TYPE = YES_ERROR;
				GCC_WARN_UNDECLARED_SELECTOR = YES;
				GCC_WARN_UNINITIALIZED_AUTOS = YES_AGGRESSIVE;
				GCC_WARN_UNUSED_FUNCTION = YES;
				GCC_WARN_UNUSED_VARIABLE = YES;
				IPHONEOS_DEPLOYMENT_TARGET = 8.1;
				MTL_ENABLE_DEBUG_INFO = NO;
				SDKROOT = iphoneos;
				VALIDATE_PRODUCT = YES;
			};
			name = Release;
		};
		60787F671A803E4500BD66BB /* Debug */ = {
			isa = XCBuildConfiguration;
			buildSettings = {
				ASSETCATALOG_COMPILER_APPICON_NAME = AppIcon;
				INFOPLIST_FILE = testGit/Info.plist;
				LD_RUNPATH_SEARCH_PATHS = "$(inherited) @executable_path/Frameworks";
				PRODUCT_NAME = "$(TARGET_NAME)";
			};
			name = Debug;
		};
		60787F681A803E4500BD66BB /* Release */ = {
			isa = XCBuildConfiguration;
			buildSettings = {
				ASSETCATALOG_COMPILER_APPICON_NAME = AppIcon;
				INFOPLIST_FILE = testGit/Info.plist;
				LD_RUNPATH_SEARCH_PATHS = "$(inherited) @executable_path/Frameworks";
				PRODUCT_NAME = "$(TARGET_NAME)";
			};
			name = Release;
		};
		60787F6A1A803E4500BD66BB /* Debug */ = {
			isa = XCBuildConfiguration;
			buildSettings = {
				BUNDLE_LOADER = "$(TEST_HOST)";
				FRAMEWORK_SEARCH_PATHS = (
					"$(SDKROOT)/Developer/Library/Frameworks",
					"$(inherited)",
				);
				GCC_PREPROCESSOR_DEFINITIONS = (
					"DEBUG=1",
					"$(inherited)",
				);
				INFOPLIST_FILE = testGitTests/Info.plist;
				LD_RUNPATH_SEARCH_PATHS = "$(inherited) @executable_path/Frameworks @loader_path/Frameworks";
				PRODUCT_NAME = "$(TARGET_NAME)";
				TEST_HOST = "$(BUILT_PRODUCTS_DIR)/testGit.app/testGit";
			};
			name = Debug;
		};
		60787F6B1A803E4500BD66BB /* Release */ = {
			isa = XCBuildConfiguration;
			buildSettings = {
				BUNDLE_LOADER = "$(TEST_HOST)";
				FRAMEWORK_SEARCH_PATHS = (
					"$(SDKROOT)/Developer/Library/Frameworks",
					"$(inherited)",
				);
				INFOPLIST_FILE = testGitTests/Info.plist;
				LD_RUNPATH_SEARCH_PATHS = "$(inherited) @executable_path/Frameworks @loader_path/Frameworks";
				PRODUCT_NAME = "$(TARGET_NAME)";
				TEST_HOST = "$(BUILT_PRODUCTS_DIR)/testGit.app/testGit";
			};
			name = Release;
		};
/* End XCBuildConfiguration section */

/* Begin XCConfigurationList section */
		60787F421A803E4500BD66BB /* Build configuration list for PBXProject "testGit" */ = {
			isa = XCConfigurationList;
			buildConfigurations = (
				60787F641A803E4500BD66BB /* Debug */,
				60787F651A803E4500BD66BB /* Release */,
			);
			defaultConfigurationIsVisible = 0;
			defaultConfigurationName = Release;
		};
		60787F661A803E4500BD66BB /* Build configuration list for PBXNativeTarget "testGit" */ = {
			isa = XCConfigurationList;
			buildConfigurations = (
				60787F671A803E4500BD66BB /* Debug */,
				60787F681A803E4500BD66BB /* Release */,
			);
			defaultConfigurationIsVisible = 0;
		};
		60787F691A803E4500BD66BB /* Build configuration list for PBXNativeTarget "testGitTests" */ = {
			isa = XCConfigurationList;
			buildConfigurations = (
				60787F6A1A803E4500BD66BB /* Debug */,
				60787F6B1A803E4500BD66BB /* Release */,
			);
			defaultConfigurationIsVisible = 0;
		};
/* End XCConfigurationList section */
	};
	rootObject = 60787F3F1A803E4500BD66BB /* Project object */;
}
